
Microsoft Visual Studio Solution File, Format Version 12.00
# Visual Studio Version 17
VisualStudioVersion = 17.6.33829.357
MinimumVisualStudioVersion = 10.0.40219.1
Project("{9A19103F-16F7-4668-BE54-9A1E7A4F7556}") = "CronosBlazor", "CronosBlazor\CronosBlazor.csproj", "{A2A81FA7-85B2-4DB8-A5C7-5040FDDBAA62}"
EndProject
Project("{FAE04EC0-301F-11D3-BF4B-00C04F79EFBC}") = "Cronos", "Cronos\Cronos.csproj", "{0F06741A-E881-4F84-91EF-3F449D9FCA05}"
EndProject
Global
	GlobalSection(SolutionConfigurationPlatforms) = preSolution
		Debug|Any CPU = Debug|Any CPU
		Release|Any CPU = Release|Any CPU
	EndGlobalSection
	GlobalSection(ProjectConfigurationPlatforms) = postSolution
		{A2A81FA7-85B2-4DB8-A5C7-5040FDDBAA62}.Debug|Any CPU.ActiveCfg = Debug|Any CPU
		{A2A81FA7-85B2-4DB8-A5C7-5040FDDBAA62}.Debug|Any CPU.Build.0 = Debug|Any CPU
		{A2A81FA7-85B2-4DB8-A5C7-5040FDDBAA62}.Release|Any CPU.ActiveCfg = Release|Any CPU
		{A2A81FA7-85B2-4DB8-A5C7-5040FDDBAA62}.Release|Any CPU.Build.0 = Release|Any CPU
		{0F06741A-E881-4F84-91EF-3F449D9FCA05}.Debug|Any CPU.ActiveCfg = Debug|Any CPU
		{0F06741A-E881-4F84-91EF-3F449D9FCA05}.Debug|Any CPU.Build.0 = Debug|Any CPU
		{0F06741A-E881-4F84-91EF-3F449D9FCA05}.Release|Any CPU.ActiveCfg = Release|Any CPU
		{0F06741A-E881-4F84-91EF-3F449D9FCA05}.Release|Any CPU.Build.0 = Release|Any CPU
	EndGlobalSection
	GlobalSection(SolutionProperties) = preSolution
		HideSolutionNode = FALSE
	EndGlobalSection
EndGlobal
